// !$*UTF8*$!
{
	archiveVersion = 1;
	classes = {
	};
	objectVersion = 55;
	objects = {

/* Begin PBXBuildFile section */
		9927FE9A2833972700FE710C /* StackCardView.swift in Sources */ = {isa = PBXBuildFile; fileRef = 9927FE992833972700FE710C /* StackCardView.swift */; };
		9989BE42283364AA00D0A8F7 /* TinderSwapApp.swift in Sources */ = {isa = PBXBuildFile; fileRef = 9989BE41283364AA00D0A8F7 /* TinderSwapApp.swift */; };
		9989BE44283364AA00D0A8F7 /* ContentView.swift in Sources */ = {isa = PBXBuildFile; fileRef = 9989BE43283364AA00D0A8F7 /* ContentView.swift */; };
		9989BE46283364AC00D0A8F7 /* Assets.xcassets in Resources */ = {isa = PBXBuildFile; fileRef = 9989BE45283364AC00D0A8F7 /* Assets.xcassets */; };
		9989BE49283364AC00D0A8F7 /* Preview Assets.xcassets in Resources */ = {isa = PBXBuildFile; fileRef = 9989BE48283364AC00D0A8F7 /* Preview Assets.xcassets */; };
		9989BE532833757600D0A8F7 /* Home.swift in Sources */ = {isa = PBXBuildFile; fileRef = 9989BE522833757600D0A8F7 /* Home.swift */; };
		9989BE5528337A5200D0A8F7 /* User.swift in Sources */ = {isa = PBXBuildFile; fileRef = 9989BE5428337A5200D0A8F7 /* User.swift */; };
		9989BE5728337ADB00D0A8F7 /* HomeViewModel.swift in Sources */ = {isa = PBXBuildFile; fileRef = 9989BE5628337ADB00D0A8F7 /* HomeViewModel.swift */; };
/* End PBXBuildFile section */

/* Begin PBXFileReference section */
		9927FE992833972700FE710C /* StackCardView.swift */ = {isa = PBXFileReference; lastKnownFileType = sourcecode.swift; path = StackCardView.swift; sourceTree = "<group>"; };
		9989BE3E283364AA00D0A8F7 /* TinderSwap.app */ = {isa = PBXFileReference; explicitFileType = wrapper.application; includeInIndex = 0; path = TinderSwap.app; sourceTree = BUILT_PRODUCTS_DIR; };
		9989BE41283364AA00D0A8F7 /* TinderSwapApp.swift */ = {isa = PBXFileReference; lastKnownFileType = sourcecode.swift; path = TinderSwapApp.swift; sourceTree = "<group>"; };
		9989BE43283364AA00D0A8F7 /* ContentView.swift */ = {isa = PBXFileReference; lastKnownFileType = sourcecode.swift; path = ContentView.swift; sourceTree = "<group>"; };
		9989BE45283364AC00D0A8F7 /* Assets.xcassets */ = {isa = PBXFileReference; lastKnownFileType = folder.assetcatalog; path = Assets.xcassets; sourceTree = "<group>"; };
		9989BE48283364AC00D0A8F7 /* Preview Assets.xcassets */ = {isa = PBXFileReference; lastKnownFileType = folder.assetcatalog; path = "Preview Assets.xcassets"; sourceTree = "<group>"; };
		9989BE522833757600D0A8F7 /* Home.swift */ = {isa = PBXFileReference; lastKnownFileType = sourcecode.swift; path = Home.swift; sourceTree = "<group>"; };
		9989BE5428337A5200D0A8F7 /* User.swift */ = {isa = PBXFileReference; lastKnownFileType = sourcecode.swift; path = User.swift; sourceTree = "<group>"; };
		9989BE5628337ADB00D0A8F7 /* HomeViewModel.swift */ = {isa = PBXFileReference; lastKnownFileType = sourcecode.swift; path = HomeViewModel.swift; sourceTree = "<group>"; };
/* End PBXFileReference section */

/* Begin PBXFrameworksBuildPhase section */
		9989BE3B283364AA00D0A8F7 /* Frameworks */ = {
			isa = PBXFrameworksBuildPhase;
			buildActionMask = 2147483647;
			files = (
			);
			runOnlyForDeploymentPostprocessing = 0;
		};
/* End PBXFrameworksBuildPhase section */

/* Begin PBXGroup section */
		9989BE35283364A900D0A8F7 = {
			isa = PBXGroup;
			children = (
				9989BE40283364AA00D0A8F7 /* TinderSwap */,
				9989BE3F283364AA00D0A8F7 /* Products */,
			);
			sourceTree = "<group>";
		};
		9989BE3F283364AA00D0A8F7 /* Products */ = {
			isa = PBXGroup;
			children = (
				9989BE3E283364AA00D0A8F7 /* TinderSwap.app */,
			);
			name = Products;
			sourceTree = "<group>";
		};
		9989BE40283364AA00D0A8F7 /* TinderSwap */ = {
			isa = PBXGroup;
			children = (
				9989BE512833756A00D0A8F7 /* View */,
				9989BE502833756500D0A8F7 /* Model */,
				9989BE4F2833755A00D0A8F7 /* ViewModel */,
				9989BE41283364AA00D0A8F7 /* TinderSwapApp.swift */,
				9989BE43283364AA00D0A8F7 /* ContentView.swift */,
				9989BE45283364AC00D0A8F7 /* Assets.xcassets */,
				9989BE47283364AC00D0A8F7 /* Preview Content */,
			);
			path = TinderSwap;
			sourceTree = "<group>";
		};
		9989BE47283364AC00D0A8F7 /* Preview Content */ = {
			isa = PBXGroup;
			children = (
				9989BE48283364AC00D0A8F7 /* Preview Assets.xcassets */,
			);
			path = "Preview Content";
			sourceTree = "<group>";
		};
		9989BE4F2833755A00D0A8F7 /* ViewModel */ = {
			isa = PBXGroup;
			children = (
				9989BE5628337ADB00D0A8F7 /* HomeViewModel.swift */,
			);
			path = ViewModel;
			sourceTree = "<group>";
		};
		9989BE502833756500D0A8F7 /* Model */ = {
			isa = PBXGroup;
			children = (
				9989BE5428337A5200D0A8F7 /* User.swift */,
			);
			path = Model;
			sourceTree = "<group>";
		};
		9989BE512833756A00D0A8F7 /* View */ = {
			isa = PBXGroup;
			children = (
				9989BE522833757600D0A8F7 /* Home.swift */,
				9927FE992833972700FE710C /* StackCardView.swift */,
			);
			path = View;
			sourceTree = "<group>";
		};
/* End PBXGroup section */

/* Begin PBXNativeTarget section */
		9989BE3D283364AA00D0A8F7 /* TinderSwap */ = {
			isa = PBXNativeTarget;
			buildConfigurationList = 9989BE4C283364AC00D0A8F7 /* Build configuration list for PBXNativeTarget "TinderSwap" */;
			buildPhases = (
				9989BE3A283364AA00D0A8F7 /* Sources */,
				9989BE3B283364AA00D0A8F7 /* Frameworks */,
				9989BE3C283364AA00D0A8F7 /* Resources */,
			);
			buildRules = (
			);
			dependencies = (
			);
			name = TinderSwap;
			productName = TinderSwap;
			productReference = 9989BE3E283364AA00D0A8F7 /* TinderSwap.app */;
			productType = "com.apple.product-type.application";
		};
/* End PBXNativeTarget section */

/* Begin PBXProject section */
		9989BE36283364A900D0A8F7 /* Project object */ = {
			isa = PBXProject;
			attributes = {
				BuildIndependentTargetsInParallel = 1;
				LastSwiftUpdateCheck = 1330;
				LastUpgradeCheck = 1330;
				TargetAttributes = {
					9989BE3D283364AA00D0A8F7 = {
						CreatedOnToolsVersion = 13.3;
					};
				};
			};
			buildConfigurationList = 9989BE39283364A900D0A8F7 /* Build configuration list for PBXProject "TinderSwap" */;
			compatibilityVersion = "Xcode 13.0";
			developmentRegion = en;
			hasScannedForEncodings = 0;
			knownRegions = (
				en,
				Base,
			);
			mainGroup = 9989BE35283364A900D0A8F7;
			productRefGroup = 9989BE3F283364AA00D0A8F7 /* Products */;
			projectDirPath = "";
			projectRoot = "";
			targets = (
				9989BE3D283364AA00D0A8F7 /* TinderSwap */,
			);
		};
/* End PBXProject section */

/* Begin PBXResourcesBuildPhase section */
		9989BE3C283364AA00D0A8F7 /* Resources */ = {
			isa = PBXResourcesBuildPhase;
			buildActionMask = 2147483647;
			files = (
				9989BE49283364AC00D0A8F7 /* Preview Assets.xcassets in Resources */,
				9989BE46283364AC00D0A8F7 /* Assets.xcassets in Resources */,
			);
			runOnlyForDeploymentPostprocessing = 0;
		};
/* End PBXResourcesBuildPhase section */

/* Begin PBXSourcesBuildPhase section */
		9989BE3A283364AA00D0A8F7 /* Sources */ = {
			isa = PBXSourcesBuildPhase;
			buildActionMask = 2147483647;
			files = (
				9989BE5528337A5200D0A8F7 /* User.swift in Sources */,
				9989BE44283364AA00D0A8F7 /* ContentView.swift in Sources */,
				9989BE5728337ADB00D0A8F7 /* HomeViewModel.swift in Sources */,
				9927FE9A2833972700FE710C /* StackCardView.swift in Sources */,
				9989BE532833757600D0A8F7 /* Home.swift in Sources */,
				9989BE42283364AA00D0A8F7 /* TinderSwapApp.swift in Sources */,
			);
			runOnlyForDeploymentPostprocessing = 0;
		};
/* End PBXSourcesBuildPhase section */

/* Begin XCBuildConfiguration section */
		9989BE4A283364AC00D0A8F7 /* Debug */ = {
			isa = XCBuildConfiguration;
			buildSettings = {
				ALWAYS_SEARCH_USER_PATHS = NO;
				CLANG_ANALYZER_NONNULL = YES;
				CLANG_ANALYZER_NUMBER_OBJECT_CONVERSION = YES_AGGRESSIVE;
				CLANG_CXX_LANGUAGE_STANDARD = "gnu++17";
				CLANG_ENABLE_MODULES = YES;
				CLANG_ENABLE_OBJC_ARC = YES;
				CLANG_ENABLE_OBJC_WEAK = YES;
				CLANG_WARN_BLOCK_CAPTURE_AUTORELEASING = YES;
				CLANG_WARN_BOOL_CONVERSION = YES;
				CLANG_WARN_COMMA = YES;
				CLANG_WARN_CONSTANT_CONVERSION = YES;
				CLANG_WARN_DEPRECATED_OBJC_IMPLEMENTATIONS = YES;
				CLANG_WARN_DIRECT_OBJC_ISA_USAGE = YES_ERROR;
				CLANG_WARN_DOCUMENTATION_COMMENTS = YES;
				CLANG_WARN_EMPTY_BODY = YES;
				CLANG_WARN_ENUM_CONVERSION = YES;
				CLANG_WARN_INFINITE_RECURSION = YES;
				CLANG_WARN_INT_CONVERSION = YES;
				CLANG_WARN_NON_LITERAL_NULL_CONVERSION = YES;
				CLANG_WARN_OBJC_IMPLICIT_RETAIN_SELF = YES;
				CLANG_WARN_OBJC_LITERAL_CONVERSION = YES;
				CLANG_WARN_OBJC_ROOT_CLASS = YES_ERROR;
				CLANG_WARN_QUOTED_INCLUDE_IN_FRAMEWORK_HEADER = YES;
				CLANG_WARN_RANGE_LOOP_ANALYSIS = YES;
				CLANG_WARN_STRICT_PROTOTYPES = YES;
				CLANG_WARN_SUSPICIOUS_MOVE = YES;
				CLANG_WARN_UNGUARDED_AVAILABILITY = YES_AGGRESSIVE;
				CLANG_WARN_UNREACHABLE_CODE = YES;
				CLANG_WARN__DUPLICATE_METHOD_MATCH = YES;
				COPY_PHASE_STRIP = NO;
				DEBUG_INFORMATION_FORMAT = dwarf;
				ENABLE_STRICT_OBJC_MSGSEND = YES;
				ENABLE_TESTABILITY = YES;
				GCC_C_LANGUAGE_STANDARD = gnu11;
				GCC_DYNAMIC_NO_PIC = NO;
				GCC_NO_COMMON_BLOCKS = YES;
				GCC_OPTIMIZATION_LEVEL = 0;
				GCC_PREPROCESSOR_DEFINITIONS = (
					"DEBUG=1",
					"$(inherited)",
				);
				GCC_WARN_64_TO_32_BIT_CONVERSION = YES;
				GCC_WARN_ABOUT_RETURN_TYPE = YES_ERROR;
				GCC_WARN_UNDECLARED_SELECTOR = YES;
				GCC_WARN_UNINITIALIZED_AUTOS = YES_AGGRESSIVE;
				GCC_WARN_UNUSED_FUNCTION = YES;
				GCC_WARN_UNUSED_VARIABLE = YES;
				IPHONEOS_DEPLOYMENT_TARGET = 15.3;
				MTL_ENABLE_DEBUG_INFO = INCLUDE_SOURCE;
				MTL_FAST_MATH = YES;
				ONLY_ACTIVE_ARCH = YES;
				SDKROOT = iphoneos;
				SWIFT_ACTIVE_COMPILATION_CONDITIONS = DEBUG;
				SWIFT_OPTIMIZATION_LEVEL = "-Onone";
			};
			name = Debug;
		};
		9989BE4B283364AC00D0A8F7 /* Release */ = {
			isa = XCBuildConfiguration;
			buildSettings = {
				ALWAYS_SEARCH_USER_PATHS = NO;
				CLANG_ANALYZER_NONNULL = YES;
				CLANG_ANALYZER_NUMBER_OBJECT_CONVERSION = YES_AGGRESSIVE;
				CLANG_CXX_LANGUAGE_STANDARD = "gnu++17";
				CLANG_ENABLE_MODULES = YES;
				CLANG_ENABLE_OBJC_ARC = YES;
				CLANG_ENABLE_OBJC_WEAK = YES;
				CLANG_WARN_BLOCK_CAPTURE_AUTORELEASING = YES;
				CLANG_WARN_BOOL_CONVERSION = YES;
				CLANG_WARN_COMMA = YES;
				CLANG_WARN_CONSTANT_CONVERSION = YES;
				CLANG_WARN_DEPRECATED_OBJC_IMPLEMENTATIONS = YES;
				CLANG_WARN_DIRECT_OBJC_ISA_USAGE = YES_ERROR;
				CLANG_WARN_DOCUMENTATION_COMMENTS = YES;
				CLANG_WARN_EMPTY_BODY = YES;
				CLANG_WARN_ENUM_CONVERSION = YES;
				CLANG_WARN_INFINITE_RECURSION = YES;
				CLANG_WARN_INT_CONVERSION = YES;
				CLANG_WARN_NON_LITERAL_NULL_CONVERSION = YES;
				CLANG_WARN_OBJC_IMPLICIT_RETAIN_SELF = YES;
				CLANG_WARN_OBJC_LITERAL_CONVERSION = YES;
				CLANG_WARN_OBJC_ROOT_CLASS = YES_ERROR;
				CLANG_WARN_QUOTED_INCLUDE_IN_FRAMEWORK_HEADER = YES;
				CLANG_WARN_RANGE_LOOP_ANALYSIS = YES;
				CLANG_WARN_STRICT_PROTOTYPES = YES;
				CLANG_WARN_SUSPICIOUS_MOVE = YES;
				CLANG_WARN_UNGUARDED_AVAILABILITY = YES_AGGRESSIVE;
				CLANG_WARN_UNREACHABLE_CODE = YES;
				CLANG_WARN__DUPLICATE_METHOD_MATCH = YES;
				COPY_PHASE_STRIP = NO;
				DEBUG_INFORMATION_FORMAT = "dwarf-with-dsym";
				ENABLE_NS_ASSERTIONS = NO;
				ENABLE_STRICT_OBJC_MSGSEND = YES;
				GCC_C_LANGUAGE_STANDARD = gnu11;
				GCC_NO_COMMON_BLOCKS = YES;
				GCC_WARN_64_TO_32_BIT_CONVERSION = YES;
				GCC_WARN_ABOUT_RETURN_TYPE = YES_ERROR;
				GCC_WARN_UNDECLARED_SELECTOR = YES;
				GCC_WARN_UNINITIALIZED_AUTOS = YES_AGGRESSIVE;
				GCC_WARN_UNUSED_FUNCTION = YES;
				GCC_WARN_UNUSED_VARIABLE = YES;
				IPHONEOS_DEPLOYMENT_TARGET = 15.3;
				MTL_ENABLE_DEBUG_INFO = NO;
				MTL_FAST_MATH = YES;
				SDKROOT = iphoneos;
				SWIFT_COMPILATION_MODE = wholemodule;
				SWIFT_OPTIMIZATION_LEVEL = "-O";
				VALIDATE_PRODUCT = YES;
			};
			name = Release;
		};
		9989BE4D283364AC00D0A8F7 /* Debug */ = {
			isa = XCBuildConfiguration;
			buildSettings = {
				ASSETCATALOG_COMPILER_APPICON_NAME = AppIcon;
				ASSETCATALOG_COMPILER_GLOBAL_ACCENT_COLOR_NAME = AccentColor;
				CODE_SIGN_STYLE = Automatic;
				CURRENT_PROJECT_VERSION = 1;
				DEVELOPMENT_ASSET_PATHS = "\"TinderSwap/Preview Content\"";
				DEVELOPMENT_TEAM = ZMV4XYT773;
				ENABLE_PREVIEWS = YES;
				GENERATE_INFOPLIST_FILE = YES;
				INFOPLIST_KEY_UIApplicationSceneManifest_Generation = YES;
				INFOPLIST_KEY_UIApplicationSupportsIndirectInputEvents = YES;
				INFOPLIST_KEY_UILaunchScreen_Generation = YES;
				INFOPLIST_KEY_UISupportedInterfaceOrientations_iPad = "UIInterfaceOrientationPortrait UIInterfaceOrientationPortraitUpsideDown UIInterfaceOrientationLandscapeLeft UIInterfaceOrientationLandscapeRight";
				INFOPLIST_KEY_UISupportedInterfaceOrientations_iPhone = "UIInterfaceOrientationPortrait UIInterfaceOrientationLandscapeLeft UIInterfaceOrientationLandscapeRight";
				LD_RUNPATH_SEARCH_PATHS = (
					"$(inherited)",
					"@executable_path/Frameworks",
				);
				MARKETING_VERSION = 1.0;
				PRODUCT_BUNDLE_IDENTIFIER = "com.code-labs.TinderSwap";
				PRODUCT_NAME = "$(TARGET_NAME)";
				SWIFT_EMIT_LOC_STRINGS = YES;
				SWIFT_VERSION = 5.0;
				TARGETED_DEVICE_FAMILY = "1,2";
			};
			name = Debug;
		};
		9989BE4E283364AC00D0A8F7 /* Release */ = {
			isa = XCBuildConfiguration;
			buildSettings = {
				ASSETCATALOG_COMPILER_APPICON_NAME = AppIcon;
				ASSETCATALOG_COMPILER_GLOBAL_ACCENT_COLOR_NAME = AccentColor;
				CODE_SIGN_STYLE = Automatic;
				CURRENT_PROJECT_VERSION = 1;
				DEVELOPMENT_ASSET_PATHS = "\"TinderSwap/Preview Content\"";
				DEVELOPMENT_TEAM = ZMV4XYT773;
				ENABLE_PREVIEWS = YES;
				GENERATE_INFOPLIST_FILE = YES;
				INFOPLIST_KEY_UIApplicationSceneManifest_Generation = YES;
				INFOPLIST_KEY_UIApplicationSupportsIndirectInputEvents = YES;
				INFOPLIST_KEY_UILaunchScreen_Generation = YES;
				INFOPLIST_KEY_UISupportedInterfaceOrientations_iPad = "UIInterfaceOrientationPortrait UIInterfaceOrientationPortraitUpsideDown UIInterfaceOrientationLandscapeLeft UIInterfaceOrientationLandscapeRight";
				INFOPLIST_KEY_UISupportedInterfaceOrientations_iPhone = "UIInterfaceOrientationPortrait UIInterfaceOrientationLandscapeLeft UIInterfaceOrientationLandscapeRight";
				LD_RUNPATH_SEARCH_PATHS = (
					"$(inherited)",
					"@executable_path/Frameworks",
				);
				MARKETING_VERSION = 1.0;
				PRODUCT_BUNDLE_IDENTIFIER = "com.code-labs.TinderSwap";
				PRODUCT_NAME = "$(TARGET_NAME)";
				SWIFT_EMIT_LOC_STRINGS = YES;
				SWIFT_VERSION = 5.0;
				TARGETED_DEVICE_FAMILY = "1,2";
			};
			name = Release;
		};
/* End XCBuildConfiguration section */

/* Begin XCConfigurationList section */
		9989BE39283364A900D0A8F7 /* Build configuration list for PBXProject "TinderSwap" */ = {
			isa = XCConfigurationList;
			buildConfigurations = (
				9989BE4A283364AC00D0A8F7 /* Debug */,
				9989BE4B283364AC00D0A8F7 /* Release */,
			);
			defaultConfigurationIsVisible = 0;
			defaultConfigurationName = Release;
		};
		9989BE4C283364AC00D0A8F7 /* Build configuration list for PBXNativeTarget "TinderSwap" */ = {
			isa = XCConfigurationList;
			buildConfigurations = (
				9989BE4D283364AC00D0A8F7 /* Debug */,
				9989BE4E283364AC00D0A8F7 /* Release */,
			);
			defaultConfigurationIsVisible = 0;
			defaultConfigurationName = Release;
		};
/* End XCConfigurationList section */
	};
	rootObject = 9989BE36283364A900D0A8F7 /* Project object */;
}
